// !$*UTF8*$!
{
	archiveVersion = 1;
	classes = {
	};
	objectVersion = 55;
	objects = {

/* Begin PBXBuildFile section */
		C65BA79728F72D6F009297EE /* DetailRouter.swift in Sources */ = {isa = PBXBuildFile; fileRef = C65BA79628F72D6F009297EE /* DetailRouter.swift */; };
		C65BA79C28F72EDB009297EE /* String+Extensions.swift in Sources */ = {isa = PBXBuildFile; fileRef = C65BA79B28F72EDB009297EE /* String+Extensions.swift */; };
		C65BA7A028F73171009297EE /* DetailViewController.swift in Sources */ = {isa = PBXBuildFile; fileRef = C65BA79F28F73171009297EE /* DetailViewController.swift */; };
		C65BA7A328F731DA009297EE /* DetailPresenter.swift in Sources */ = {isa = PBXBuildFile; fileRef = C65BA7A228F731DA009297EE /* DetailPresenter.swift */; };
		C65BA7A628F731ED009297EE /* DetailProtocols.swift in Sources */ = {isa = PBXBuildFile; fileRef = C65BA7A528F731ED009297EE /* DetailProtocols.swift */; };
		C678C09528F6FE3900515F2C /* RequestModel.swift in Sources */ = {isa = PBXBuildFile; fileRef = C678C09428F6FE3900515F2C /* RequestModel.swift */; };
		C678C09728F7000000515F2C /* Numeric+Extensions.swift in Sources */ = {isa = PBXBuildFile; fileRef = C678C09628F7000000515F2C /* Numeric+Extensions.swift */; };
		C678C09A28F72AF100515F2C /* Localizable.strings in Resources */ = {isa = PBXBuildFile; fileRef = C678C09928F72AF100515F2C /* Localizable.strings */; };
		C678C09C28F72B7600515F2C /* LocalizedConstants.swift in Sources */ = {isa = PBXBuildFile; fileRef = C678C09B28F72B7600515F2C /* LocalizedConstants.swift */; };
		C67E6A1D28F672C1006FCC8E /* AppDelegate.swift in Sources */ = {isa = PBXBuildFile; fileRef = C67E6A1C28F672C1006FCC8E /* AppDelegate.swift */; };
		C67E6A1F28F672C1006FCC8E /* SceneDelegate.swift in Sources */ = {isa = PBXBuildFile; fileRef = C67E6A1E28F672C1006FCC8E /* SceneDelegate.swift */; };
		C67E6A2128F672C1006FCC8E /* ViewController.swift in Sources */ = {isa = PBXBuildFile; fileRef = C67E6A2028F672C1006FCC8E /* ViewController.swift */; };
		C67E6A2428F672C1006FCC8E /* Main.storyboard in Resources */ = {isa = PBXBuildFile; fileRef = C67E6A2228F672C1006FCC8E /* Main.storyboard */; };
		C67E6A2628F672C2006FCC8E /* Assets.xcassets in Resources */ = {isa = PBXBuildFile; fileRef = C67E6A2528F672C2006FCC8E /* Assets.xcassets */; };
		C67E6A2928F672C2006FCC8E /* LaunchScreen.storyboard in Resources */ = {isa = PBXBuildFile; fileRef = C67E6A2728F672C2006FCC8E /* LaunchScreen.storyboard */; };
		C67E6A3428F672C3006FCC8E /* PruebaiOSTests.swift in Sources */ = {isa = PBXBuildFile; fileRef = C67E6A3328F672C3006FCC8E /* PruebaiOSTests.swift */; };
		C67E6A3E28F672C3006FCC8E /* PruebaiOSUITests.swift in Sources */ = {isa = PBXBuildFile; fileRef = C67E6A3D28F672C3006FCC8E /* PruebaiOSUITests.swift */; };
		C67E6A4028F672C3006FCC8E /* PruebaiOSUITestsLaunchTests.swift in Sources */ = {isa = PBXBuildFile; fileRef = C67E6A3F28F672C3006FCC8E /* PruebaiOSUITestsLaunchTests.swift */; };
		C67E6A5128F6751D006FCC8E /* GoRestRepository.swift in Sources */ = {isa = PBXBuildFile; fileRef = C67E6A5028F6751D006FCC8E /* GoRestRepository.swift */; };
		C67E6A5428F6755D006FCC8E /* ListEntity.swift in Sources */ = {isa = PBXBuildFile; fileRef = C67E6A5328F6755D006FCC8E /* ListEntity.swift */; };
		C67E6A5828F67677006FCC8E /* ListRouter.swift in Sources */ = {isa = PBXBuildFile; fileRef = C67E6A5728F67677006FCC8E /* ListRouter.swift */; };
		C67E6A5B28F67696006FCC8E /* ListViewController.swift in Sources */ = {isa = PBXBuildFile; fileRef = C67E6A5A28F67696006FCC8E /* ListViewController.swift */; };
		C67E6A5D28F676AA006FCC8E /* ListCollectionViewCell.swift in Sources */ = {isa = PBXBuildFile; fileRef = C67E6A5C28F676AA006FCC8E /* ListCollectionViewCell.swift */; };
		C67E6A6028F676C6006FCC8E /* ListProtocols.swift in Sources */ = {isa = PBXBuildFile; fileRef = C67E6A5F28F676C6006FCC8E /* ListProtocols.swift */; };
		C67E6A6328F676EC006FCC8E /* ListInteractor.swift in Sources */ = {isa = PBXBuildFile; fileRef = C67E6A6228F676EC006FCC8E /* ListInteractor.swift */; };
		C67E6A6628F6770E006FCC8E /* ListPresenter.swift in Sources */ = {isa = PBXBuildFile; fileRef = C67E6A6528F6770E006FCC8E /* ListPresenter.swift */; };
		C67E6A6928F67D06006FCC8E /* ListModel.swift in Sources */ = {isa = PBXBuildFile; fileRef = C67E6A6828F67D06006FCC8E /* ListModel.swift */; };
		C67E6A6C28F681F0006FCC8E /* HttpVerb.swift in Sources */ = {isa = PBXBuildFile; fileRef = C67E6A6B28F681F0006FCC8E /* HttpVerb.swift */; };
		C67E6A6E28F68205006FCC8E /* RestAPI.swift in Sources */ = {isa = PBXBuildFile; fileRef = C67E6A6D28F68205006FCC8E /* RestAPI.swift */; };
		C67E6A7128F68246006FCC8E /* ResponseAPI.swift in Sources */ = {isa = PBXBuildFile; fileRef = C67E6A7028F68246006FCC8E /* ResponseAPI.swift */; };
		C67E6A7328F68272006FCC8E /* NetworkError.swift in Sources */ = {isa = PBXBuildFile; fileRef = C67E6A7228F68272006FCC8E /* NetworkError.swift */; };
		C67E6A7528F682B4006FCC8E /* SessionManager.swift in Sources */ = {isa = PBXBuildFile; fileRef = C67E6A7428F682B4006FCC8E /* SessionManager.swift */; };
		C67E6A7728F682FF006FCC8E /* CollectionView+ Extensions.swift in Sources */ = {isa = PBXBuildFile; fileRef = C67E6A7628F682FF006FCC8E /* CollectionView+ Extensions.swift */; };
		C67E6A7928F68369006FCC8E /* Layout+Extensions.swift in Sources */ = {isa = PBXBuildFile; fileRef = C67E6A7828F68369006FCC8E /* Layout+Extensions.swift */; };
/* End PBXBuildFile section */

/* Begin PBXContainerItemProxy section */
		C67E6A3028F672C3006FCC8E /* PBXContainerItemProxy */ = {
			isa = PBXContainerItemProxy;
			containerPortal = C67E6A1128F672C1006FCC8E /* Project object */;
			proxyType = 1;
			remoteGlobalIDString = C67E6A1828F672C1006FCC8E;
			remoteInfo = PruebaiOS;
		};
		C67E6A3A28F672C3006FCC8E /* PBXContainerItemProxy */ = {
			isa = PBXContainerItemProxy;
			containerPortal = C67E6A1128F672C1006FCC8E /* Project object */;
			proxyType = 1;
			remoteGlobalIDString = C67E6A1828F672C1006FCC8E;
			remoteInfo = PruebaiOS;
		};
/* End PBXContainerItemProxy section */

/* Begin PBXFileReference section */
		C65BA79628F72D6F009297EE /* DetailRouter.swift */ = {isa = PBXFileReference; lastKnownFileType = sourcecode.swift; path = DetailRouter.swift; sourceTree = "<group>"; };
		C65BA79B28F72EDB009297EE /* String+Extensions.swift */ = {isa = PBXFileReference; lastKnownFileType = sourcecode.swift; path = "String+Extensions.swift"; sourceTree = "<group>"; };
		C65BA79F28F73171009297EE /* DetailViewController.swift */ = {isa = PBXFileReference; lastKnownFileType = sourcecode.swift; path = DetailViewController.swift; sourceTree = "<group>"; };
		C65BA7A228F731DA009297EE /* DetailPresenter.swift */ = {isa = PBXFileReference; lastKnownFileType = sourcecode.swift; path = DetailPresenter.swift; sourceTree = "<group>"; };
		C65BA7A528F731ED009297EE /* DetailProtocols.swift */ = {isa = PBXFileReference; lastKnownFileType = sourcecode.swift; path = DetailProtocols.swift; sourceTree = "<group>"; };
		C678C09428F6FE3900515F2C /* RequestModel.swift */ = {isa = PBXFileReference; lastKnownFileType = sourcecode.swift; path = RequestModel.swift; sourceTree = "<group>"; };
		C678C09628F7000000515F2C /* Numeric+Extensions.swift */ = {isa = PBXFileReference; lastKnownFileType = sourcecode.swift; path = "Numeric+Extensions.swift"; sourceTree = "<group>"; };
		C678C09928F72AF100515F2C /* Localizable.strings */ = {isa = PBXFileReference; lastKnownFileType = text.plist.strings; path = Localizable.strings; sourceTree = "<group>"; };
		C678C09B28F72B7600515F2C /* LocalizedConstants.swift */ = {isa = PBXFileReference; lastKnownFileType = sourcecode.swift; path = LocalizedConstants.swift; sourceTree = "<group>"; };
		C67E6A1928F672C1006FCC8E /* PruebaiOS.app */ = {isa = PBXFileReference; explicitFileType = wrapper.application; includeInIndex = 0; path = PruebaiOS.app; sourceTree = BUILT_PRODUCTS_DIR; };
		C67E6A1C28F672C1006FCC8E /* AppDelegate.swift */ = {isa = PBXFileReference; lastKnownFileType = sourcecode.swift; path = AppDelegate.swift; sourceTree = "<group>"; };
		C67E6A1E28F672C1006FCC8E /* SceneDelegate.swift */ = {isa = PBXFileReference; lastKnownFileType = sourcecode.swift; path = SceneDelegate.swift; sourceTree = "<group>"; };
		C67E6A2028F672C1006FCC8E /* ViewController.swift */ = {isa = PBXFileReference; lastKnownFileType = sourcecode.swift; path = ViewController.swift; sourceTree = "<group>"; };
		C67E6A2328F672C1006FCC8E /* Base */ = {isa = PBXFileReference; lastKnownFileType = file.storyboard; name = Base; path = Base.lproj/Main.storyboard; sourceTree = "<group>"; };
		C67E6A2528F672C2006FCC8E /* Assets.xcassets */ = {isa = PBXFileReference; lastKnownFileType = folder.assetcatalog; path = Assets.xcassets; sourceTree = "<group>"; };
		C67E6A2828F672C2006FCC8E /* Base */ = {isa = PBXFileReference; lastKnownFileType = file.storyboard; name = Base; path = Base.lproj/LaunchScreen.storyboard; sourceTree = "<group>"; };
		C67E6A2A28F672C2006FCC8E /* Info.plist */ = {isa = PBXFileReference; lastKnownFileType = text.plist.xml; path = Info.plist; sourceTree = "<group>"; };
		C67E6A2F28F672C3006FCC8E /* PruebaiOSTests.xctest */ = {isa = PBXFileReference; explicitFileType = wrapper.cfbundle; includeInIndex = 0; path = PruebaiOSTests.xctest; sourceTree = BUILT_PRODUCTS_DIR; };
		C67E6A3328F672C3006FCC8E /* PruebaiOSTests.swift */ = {isa = PBXFileReference; lastKnownFileType = sourcecode.swift; path = PruebaiOSTests.swift; sourceTree = "<group>"; };
		C67E6A3928F672C3006FCC8E /* PruebaiOSUITests.xctest */ = {isa = PBXFileReference; explicitFileType = wrapper.cfbundle; includeInIndex = 0; path = PruebaiOSUITests.xctest; sourceTree = BUILT_PRODUCTS_DIR; };
		C67E6A3D28F672C3006FCC8E /* PruebaiOSUITests.swift */ = {isa = PBXFileReference; lastKnownFileType = sourcecode.swift; path = PruebaiOSUITests.swift; sourceTree = "<group>"; };
		C67E6A3F28F672C3006FCC8E /* PruebaiOSUITestsLaunchTests.swift */ = {isa = PBXFileReference; lastKnownFileType = sourcecode.swift; path = PruebaiOSUITestsLaunchTests.swift; sourceTree = "<group>"; };
		C67E6A5028F6751D006FCC8E /* GoRestRepository.swift */ = {isa = PBXFileReference; lastKnownFileType = sourcecode.swift; path = GoRestRepository.swift; sourceTree = "<group>"; };
		C67E6A5328F6755D006FCC8E /* ListEntity.swift */ = {isa = PBXFileReference; lastKnownFileType = sourcecode.swift; path = ListEntity.swift; sourceTree = "<group>"; };
		C67E6A5728F67677006FCC8E /* ListRouter.swift */ = {isa = PBXFileReference; lastKnownFileType = sourcecode.swift; path = ListRouter.swift; sourceTree = "<group>"; };
		C67E6A5A28F67696006FCC8E /* ListViewController.swift */ = {isa = PBXFileReference; lastKnownFileType = sourcecode.swift; path = ListViewController.swift; sourceTree = "<group>"; };
		C67E6A5C28F676AA006FCC8E /* ListCollectionViewCell.swift */ = {isa = PBXFileReference; lastKnownFileType = sourcecode.swift; path = ListCollectionViewCell.swift; sourceTree = "<group>"; };
		C67E6A5F28F676C6006FCC8E /* ListProtocols.swift */ = {isa = PBXFileReference; lastKnownFileType = sourcecode.swift; path = ListProtocols.swift; sourceTree = "<group>"; };
		C67E6A6228F676EC006FCC8E /* ListInteractor.swift */ = {isa = PBXFileReference; lastKnownFileType = sourcecode.swift; path = ListInteractor.swift; sourceTree = "<group>"; };
		C67E6A6528F6770E006FCC8E /* ListPresenter.swift */ = {isa = PBXFileReference; lastKnownFileType = sourcecode.swift; path = ListPresenter.swift; sourceTree = "<group>"; };
		C67E6A6828F67D06006FCC8E /* ListModel.swift */ = {isa = PBXFileReference; lastKnownFileType = sourcecode.swift; path = ListModel.swift; sourceTree = "<group>"; };
		C67E6A6B28F681F0006FCC8E /* HttpVerb.swift */ = {isa = PBXFileReference; lastKnownFileType = sourcecode.swift; path = HttpVerb.swift; sourceTree = "<group>"; };
		C67E6A6D28F68205006FCC8E /* RestAPI.swift */ = {isa = PBXFileReference; lastKnownFileType = sourcecode.swift; path = RestAPI.swift; sourceTree = "<group>"; };
		C67E6A7028F68246006FCC8E /* ResponseAPI.swift */ = {isa = PBXFileReference; lastKnownFileType = sourcecode.swift; path = ResponseAPI.swift; sourceTree = "<group>"; };
		C67E6A7228F68272006FCC8E /* NetworkError.swift */ = {isa = PBXFileReference; lastKnownFileType = sourcecode.swift; path = NetworkError.swift; sourceTree = "<group>"; };
		C67E6A7428F682B4006FCC8E /* SessionManager.swift */ = {isa = PBXFileReference; lastKnownFileType = sourcecode.swift; path = SessionManager.swift; sourceTree = "<group>"; };
		C67E6A7628F682FF006FCC8E /* CollectionView+ Extensions.swift */ = {isa = PBXFileReference; lastKnownFileType = sourcecode.swift; path = "CollectionView+ Extensions.swift"; sourceTree = "<group>"; };
		C67E6A7828F68369006FCC8E /* Layout+Extensions.swift */ = {isa = PBXFileReference; lastKnownFileType = sourcecode.swift; path = "Layout+Extensions.swift"; sourceTree = "<group>"; };
/* End PBXFileReference section */

/* Begin PBXFrameworksBuildPhase section */
		C67E6A1628F672C1006FCC8E /* Frameworks */ = {
			isa = PBXFrameworksBuildPhase;
			buildActionMask = 2147483647;
			files = (
			);
			runOnlyForDeploymentPostprocessing = 0;
		};
		C67E6A2C28F672C3006FCC8E /* Frameworks */ = {
			isa = PBXFrameworksBuildPhase;
			buildActionMask = 2147483647;
			files = (
			);
			runOnlyForDeploymentPostprocessing = 0;
		};
		C67E6A3628F672C3006FCC8E /* Frameworks */ = {
			isa = PBXFrameworksBuildPhase;
			buildActionMask = 2147483647;
			files = (
			);
			runOnlyForDeploymentPostprocessing = 0;
		};
/* End PBXFrameworksBuildPhase section */

/* Begin PBXGroup section */
		C65BA79428F72D18009297EE /* Modules */ = {
			isa = PBXGroup;
			children = (
				C65BA79528F72D5C009297EE /* Detail */,
				C67E6A5528F67661006FCC8E /* List */,
			);
			path = Modules;
			sourceTree = "<group>";
		};
		C65BA79528F72D5C009297EE /* Detail */ = {
			isa = PBXGroup;
			children = (
				C65BA7A428F731E2009297EE /* Protocols */,
				C65BA7A128F731CD009297EE /* Presenter */,
				C65BA79E28F73159009297EE /* View */,
				C65BA79D28F73152009297EE /* Router */,
			);
			path = Detail;
			sourceTree = "<group>";
		};
		C65BA79828F72DA0009297EE /* Protocols */ = {
			isa = PBXGroup;
			children = (
				C67E6A5F28F676C6006FCC8E /* ListProtocols.swift */,
			);
			path = Protocols;
			sourceTree = "<group>";
		};
		C65BA79928F72DA9009297EE /* Interactor */ = {
			isa = PBXGroup;
			children = (
				C67E6A6228F676EC006FCC8E /* ListInteractor.swift */,
			);
			path = Interactor;
			sourceTree = "<group>";
		};
		C65BA79A28F72DB3009297EE /* Presenter */ = {
			isa = PBXGroup;
			children = (
				C67E6A6528F6770E006FCC8E /* ListPresenter.swift */,
			);
			path = Presenter;
			sourceTree = "<group>";
		};
		C65BA79D28F73152009297EE /* Router */ = {
			isa = PBXGroup;
			children = (
				C65BA79628F72D6F009297EE /* DetailRouter.swift */,
			);
			path = Router;
			sourceTree = "<group>";
		};
		C65BA79E28F73159009297EE /* View */ = {
			isa = PBXGroup;
			children = (
				C65BA79F28F73171009297EE /* DetailViewController.swift */,
			);
			path = View;
			sourceTree = "<group>";
		};
		C65BA7A128F731CD009297EE /* Presenter */ = {
			isa = PBXGroup;
			children = (
				C65BA7A228F731DA009297EE /* DetailPresenter.swift */,
			);
			path = Presenter;
			sourceTree = "<group>";
		};
		C65BA7A428F731E2009297EE /* Protocols */ = {
			isa = PBXGroup;
			children = (
				C65BA7A528F731ED009297EE /* DetailProtocols.swift */,
			);
			path = Protocols;
			sourceTree = "<group>";
		};
		C678C09828F72ABC00515F2C /* Application */ = {
			isa = PBXGroup;
			children = (
				C67E6A1C28F672C1006FCC8E /* AppDelegate.swift */,
				C67E6A1E28F672C1006FCC8E /* SceneDelegate.swift */,
				C67E6A2028F672C1006FCC8E /* ViewController.swift */,
				C67E6A2228F672C1006FCC8E /* Main.storyboard */,
				C67E6A2528F672C2006FCC8E /* Assets.xcassets */,
				C67E6A2728F672C2006FCC8E /* LaunchScreen.storyboard */,
				C67E6A2A28F672C2006FCC8E /* Info.plist */,
				C678C09928F72AF100515F2C /* Localizable.strings */,
				C678C09B28F72B7600515F2C /* LocalizedConstants.swift */,
			);
			path = Application;
			sourceTree = "<group>";
		};
		C67E6A1028F672C1006FCC8E = {
			isa = PBXGroup;
			children = (
				C67E6A1B28F672C1006FCC8E /* PruebaiOS */,
				C67E6A3228F672C3006FCC8E /* PruebaiOSTests */,
				C67E6A3C28F672C3006FCC8E /* PruebaiOSUITests */,
				C67E6A1A28F672C1006FCC8E /* Products */,
			);
			sourceTree = "<group>";
		};
		C67E6A1A28F672C1006FCC8E /* Products */ = {
			isa = PBXGroup;
			children = (
				C67E6A1928F672C1006FCC8E /* PruebaiOS.app */,
				C67E6A2F28F672C3006FCC8E /* PruebaiOSTests.xctest */,
				C67E6A3928F672C3006FCC8E /* PruebaiOSUITests.xctest */,
			);
			name = Products;
			sourceTree = "<group>";
		};
		C67E6A1B28F672C1006FCC8E /* PruebaiOS */ = {
			isa = PBXGroup;
			children = (
				C65BA79428F72D18009297EE /* Modules */,
				C678C09828F72ABC00515F2C /* Application */,
				C67E6A6A28F681C8006FCC8E /* Extensions */,
				C67E6A6728F67CFE006FCC8E /* Model */,
				C67E6A5228F67554006FCC8E /* Entity */,
				C67E6A4F28F6750B006FCC8E /* Repository */,
			);
			path = PruebaiOS;
			sourceTree = "<group>";
		};
		C67E6A3228F672C3006FCC8E /* PruebaiOSTests */ = {
			isa = PBXGroup;
			children = (
				C67E6A3328F672C3006FCC8E /* PruebaiOSTests.swift */,
			);
			path = PruebaiOSTests;
			sourceTree = "<group>";
		};
		C67E6A3C28F672C3006FCC8E /* PruebaiOSUITests */ = {
			isa = PBXGroup;
			children = (
				C67E6A3D28F672C3006FCC8E /* PruebaiOSUITests.swift */,
				C67E6A3F28F672C3006FCC8E /* PruebaiOSUITestsLaunchTests.swift */,
			);
			path = PruebaiOSUITests;
			sourceTree = "<group>";
		};
		C67E6A4F28F6750B006FCC8E /* Repository */ = {
			isa = PBXGroup;
			children = (
				C67E6A6F28F68231006FCC8E /* Base */,
				C67E6A5028F6751D006FCC8E /* GoRestRepository.swift */,
			);
			path = Repository;
			sourceTree = "<group>";
		};
		C67E6A5228F67554006FCC8E /* Entity */ = {
			isa = PBXGroup;
			children = (
				C67E6A5328F6755D006FCC8E /* ListEntity.swift */,
			);
			path = Entity;
			sourceTree = "<group>";
		};
		C67E6A5528F67661006FCC8E /* List */ = {
			isa = PBXGroup;
			children = (
				C65BA79A28F72DB3009297EE /* Presenter */,
				C65BA79928F72DA9009297EE /* Interactor */,
				C65BA79828F72DA0009297EE /* Protocols */,
				C67E6A5928F6768B006FCC8E /* View */,
				C67E6A5628F6766B006FCC8E /* Router */,
			);
			path = List;
			sourceTree = "<group>";
		};
		C67E6A5628F6766B006FCC8E /* Router */ = {
			isa = PBXGroup;
			children = (
				C67E6A5728F67677006FCC8E /* ListRouter.swift */,
			);
			path = Router;
			sourceTree = "<group>";
		};
		C67E6A5928F6768B006FCC8E /* View */ = {
			isa = PBXGroup;
			children = (
				C67E6A5A28F67696006FCC8E /* ListViewController.swift */,
				C67E6A5C28F676AA006FCC8E /* ListCollectionViewCell.swift */,
			);
			path = View;
			sourceTree = "<group>";
		};
		C67E6A6728F67CFE006FCC8E /* Model */ = {
			isa = PBXGroup;
			children = (
				C67E6A6828F67D06006FCC8E /* ListModel.swift */,
				C678C09428F6FE3900515F2C /* RequestModel.swift */,
			);
			path = Model;
			sourceTree = "<group>";
		};
		C67E6A6A28F681C8006FCC8E /* Extensions */ = {
			isa = PBXGroup;
			children = (
				C67E6A7628F682FF006FCC8E /* CollectionView+ Extensions.swift */,
				C67E6A7828F68369006FCC8E /* Layout+Extensions.swift */,
				C678C09628F7000000515F2C /* Numeric+Extensions.swift */,
				C65BA79B28F72EDB009297EE /* String+Extensions.swift */,
			);
			path = Extensions;
			sourceTree = "<group>";
		};
		C67E6A6F28F68231006FCC8E /* Base */ = {
			isa = PBXGroup;
			children = (
				C67E6A6D28F68205006FCC8E /* RestAPI.swift */,
				C67E6A6B28F681F0006FCC8E /* HttpVerb.swift */,
				C67E6A7028F68246006FCC8E /* ResponseAPI.swift */,
				C67E6A7228F68272006FCC8E /* NetworkError.swift */,
				C67E6A7428F682B4006FCC8E /* SessionManager.swift */,
			);
			path = Base;
			sourceTree = "<group>";
		};
/* End PBXGroup section */

/* Begin PBXNativeTarget section */
		C67E6A1828F672C1006FCC8E /* PruebaiOS */ = {
			isa = PBXNativeTarget;
			buildConfigurationList = C67E6A4328F672C3006FCC8E /* Build configuration list for PBXNativeTarget "PruebaiOS" */;
			buildPhases = (
				C67E6A1528F672C1006FCC8E /* Sources */,
				C67E6A1628F672C1006FCC8E /* Frameworks */,
				C67E6A1728F672C1006FCC8E /* Resources */,
			);
			buildRules = (
			);
			dependencies = (
			);
			name = PruebaiOS;
			packageProductDependencies = (
			);
			productName = PruebaiOS;
			productReference = C67E6A1928F672C1006FCC8E /* PruebaiOS.app */;
			productType = "com.apple.product-type.application";
		};
		C67E6A2E28F672C3006FCC8E /* PruebaiOSTests */ = {
			isa = PBXNativeTarget;
			buildConfigurationList = C67E6A4628F672C3006FCC8E /* Build configuration list for PBXNativeTarget "PruebaiOSTests" */;
			buildPhases = (
				C67E6A2B28F672C3006FCC8E /* Sources */,
				C67E6A2C28F672C3006FCC8E /* Frameworks */,
				C67E6A2D28F672C3006FCC8E /* Resources */,
			);
			buildRules = (
			);
			dependencies = (
				C67E6A3128F672C3006FCC8E /* PBXTargetDependency */,
			);
			name = PruebaiOSTests;
			productName = PruebaiOSTests;
			productReference = C67E6A2F28F672C3006FCC8E /* PruebaiOSTests.xctest */;
			productType = "com.apple.product-type.bundle.unit-test";
		};
		C67E6A3828F672C3006FCC8E /* PruebaiOSUITests */ = {
			isa = PBXNativeTarget;
			buildConfigurationList = C67E6A4928F672C3006FCC8E /* Build configuration list for PBXNativeTarget "PruebaiOSUITests" */;
			buildPhases = (
				C67E6A3528F672C3006FCC8E /* Sources */,
				C67E6A3628F672C3006FCC8E /* Frameworks */,
				C67E6A3728F672C3006FCC8E /* Resources */,
			);
			buildRules = (
			);
			dependencies = (
				C67E6A3B28F672C3006FCC8E /* PBXTargetDependency */,
			);
			name = PruebaiOSUITests;
			productName = PruebaiOSUITests;
			productReference = C67E6A3928F672C3006FCC8E /* PruebaiOSUITests.xctest */;
			productType = "com.apple.product-type.bundle.ui-testing";
		};
/* End PBXNativeTarget section */

/* Begin PBXProject section */
		C67E6A1128F672C1006FCC8E /* Project object */ = {
			isa = PBXProject;
			attributes = {
				BuildIndependentTargetsInParallel = 1;
				LastSwiftUpdateCheck = 1340;
				LastUpgradeCheck = 1340;
				TargetAttributes = {
					C67E6A1828F672C1006FCC8E = {
						CreatedOnToolsVersion = 13.4.1;
					};
					C67E6A2E28F672C3006FCC8E = {
						CreatedOnToolsVersion = 13.4.1;
						TestTargetID = C67E6A1828F672C1006FCC8E;
					};
					C67E6A3828F672C3006FCC8E = {
						CreatedOnToolsVersion = 13.4.1;
						TestTargetID = C67E6A1828F672C1006FCC8E;
					};
				};
			};
			buildConfigurationList = C67E6A1428F672C1006FCC8E /* Build configuration list for PBXProject "PruebaiOS" */;
			compatibilityVersion = "Xcode 13.0";
			developmentRegion = en;
			hasScannedForEncodings = 0;
			knownRegions = (
				en,
				Base,
			);
			mainGroup = C67E6A1028F672C1006FCC8E;
			packageReferences = (
			);
			productRefGroup = C67E6A1A28F672C1006FCC8E /* Products */;
			projectDirPath = "";
			projectRoot = "";
			targets = (
				C67E6A1828F672C1006FCC8E /* PruebaiOS */,
				C67E6A2E28F672C3006FCC8E /* PruebaiOSTests */,
				C67E6A3828F672C3006FCC8E /* PruebaiOSUITests */,
			);
		};
/* End PBXProject section */

/* Begin PBXResourcesBuildPhase section */
		C67E6A1728F672C1006FCC8E /* Resources */ = {
			isa = PBXResourcesBuildPhase;
			buildActionMask = 2147483647;
			files = (
				C67E6A2928F672C2006FCC8E /* LaunchScreen.storyboard in Resources */,
				C678C09A28F72AF100515F2C /* Localizable.strings in Resources */,
				C67E6A2628F672C2006FCC8E /* Assets.xcassets in Resources */,
				C67E6A2428F672C1006FCC8E /* Main.storyboard in Resources */,
			);
			runOnlyForDeploymentPostprocessing = 0;
		};
		C67E6A2D28F672C3006FCC8E /* Resources */ = {
			isa = PBXResourcesBuildPhase;
			buildActionMask = 2147483647;
			files = (
			);
			runOnlyForDeploymentPostprocessing = 0;
		};
		C67E6A3728F672C3006FCC8E /* Resources */ = {
			isa = PBXResourcesBuildPhase;
			buildActionMask = 2147483647;
			files = (
			);
			runOnlyForDeploymentPostprocessing = 0;
		};
/* End PBXResourcesBuildPhase section */

/* Begin PBXSourcesBuildPhase section */
		C67E6A1528F672C1006FCC8E /* Sources */ = {
			isa = PBXSourcesBuildPhase;
			buildActionMask = 2147483647;
			files = (
				C67E6A6328F676EC006FCC8E /* ListInteractor.swift in Sources */,
				C678C09C28F72B7600515F2C /* LocalizedConstants.swift in Sources */,
				C65BA7A028F73171009297EE /* DetailViewController.swift in Sources */,
				C67E6A7328F68272006FCC8E /* NetworkError.swift in Sources */,
				C67E6A6C28F681F0006FCC8E /* HttpVerb.swift in Sources */,
				C65BA79C28F72EDB009297EE /* String+Extensions.swift in Sources */,
				C67E6A6E28F68205006FCC8E /* RestAPI.swift in Sources */,
				C67E6A7128F68246006FCC8E /* ResponseAPI.swift in Sources */,
				C67E6A5828F67677006FCC8E /* ListRouter.swift in Sources */,
				C67E6A7728F682FF006FCC8E /* CollectionView+ Extensions.swift in Sources */,
				C65BA7A628F731ED009297EE /* DetailProtocols.swift in Sources */,
				C67E6A5428F6755D006FCC8E /* ListEntity.swift in Sources */,
				C67E6A6928F67D06006FCC8E /* ListModel.swift in Sources */,
				C67E6A5D28F676AA006FCC8E /* ListCollectionViewCell.swift in Sources */,
				C67E6A2128F672C1006FCC8E /* ViewController.swift in Sources */,
				C67E6A5128F6751D006FCC8E /* GoRestRepository.swift in Sources */,
				C65BA79728F72D6F009297EE /* DetailRouter.swift in Sources */,
				C67E6A1D28F672C1006FCC8E /* AppDelegate.swift in Sources */,
				C67E6A1F28F672C1006FCC8E /* SceneDelegate.swift in Sources */,
				C67E6A6628F6770E006FCC8E /* ListPresenter.swift in Sources */,
				C678C09528F6FE3900515F2C /* RequestModel.swift in Sources */,
				C67E6A5B28F67696006FCC8E /* ListViewController.swift in Sources */,
				C67E6A6028F676C6006FCC8E /* ListProtocols.swift in Sources */,
				C67E6A7928F68369006FCC8E /* Layout+Extensions.swift in Sources */,
				C65BA7A328F731DA009297EE /* DetailPresenter.swift in Sources */,
				C67E6A7528F682B4006FCC8E /* SessionManager.swift in Sources */,
				C678C09728F7000000515F2C /* Numeric+Extensions.swift in Sources */,
			);
			runOnlyForDeploymentPostprocessing = 0;
		};
		C67E6A2B28F672C3006FCC8E /* Sources */ = {
			isa = PBXSourcesBuildPhase;
			buildActionMask = 2147483647;
			files = (
				C67E6A3428F672C3006FCC8E /* PruebaiOSTests.swift in Sources */,
			);
			runOnlyForDeploymentPostprocessing = 0;
		};
		C67E6A3528F672C3006FCC8E /* Sources */ = {
			isa = PBXSourcesBuildPhase;
			buildActionMask = 2147483647;
			files = (
				C67E6A3E28F672C3006FCC8E /* PruebaiOSUITests.swift in Sources */,
				C67E6A4028F672C3006FCC8E /* PruebaiOSUITestsLaunchTests.swift in Sources */,
			);
			runOnlyForDeploymentPostprocessing = 0;
		};
/* End PBXSourcesBuildPhase section */

/* Begin PBXTargetDependency section */
		C67E6A3128F672C3006FCC8E /* PBXTargetDependency */ = {
			isa = PBXTargetDependency;
			target = C67E6A1828F672C1006FCC8E /* PruebaiOS */;
			targetProxy = C67E6A3028F672C3006FCC8E /* PBXContainerItemProxy */;
		};
		C67E6A3B28F672C3006FCC8E /* PBXTargetDependency */ = {
			isa = PBXTargetDependency;
			target = C67E6A1828F672C1006FCC8E /* PruebaiOS */;
			targetProxy = C67E6A3A28F672C3006FCC8E /* PBXContainerItemProxy */;
		};
/* End PBXTargetDependency section */

/* Begin PBXVariantGroup section */
		C67E6A2228F672C1006FCC8E /* Main.storyboard */ = {
			isa = PBXVariantGroup;
			children = (
				C67E6A2328F672C1006FCC8E /* Base */,
			);
			name = Main.storyboard;
			sourceTree = "<group>";
		};
		C67E6A2728F672C2006FCC8E /* LaunchScreen.storyboard */ = {
			isa = PBXVariantGroup;
			children = (
				C67E6A2828F672C2006FCC8E /* Base */,
			);
			name = LaunchScreen.storyboard;
			sourceTree = "<group>";
		};
/* End PBXVariantGroup section */

/* Begin XCBuildConfiguration section */
		C67E6A4128F672C3006FCC8E /* Debug */ = {
			isa = XCBuildConfiguration;
			buildSettings = {
				ALWAYS_SEARCH_USER_PATHS = NO;
				CLANG_ANALYZER_NONNULL = YES;
				CLANG_ANALYZER_NUMBER_OBJECT_CONVERSION = YES_AGGRESSIVE;
				CLANG_CXX_LANGUAGE_STANDARD = "gnu++17";
				CLANG_ENABLE_MODULES = YES;
				CLANG_ENABLE_OBJC_ARC = YES;
				CLANG_ENABLE_OBJC_WEAK = YES;
				CLANG_WARN_BLOCK_CAPTURE_AUTORELEASING = YES;
				CLANG_WARN_BOOL_CONVERSION = YES;
				CLANG_WARN_COMMA = YES;
				CLANG_WARN_CONSTANT_CONVERSION = YES;
				CLANG_WARN_DEPRECATED_OBJC_IMPLEMENTATIONS = YES;
				CLANG_WARN_DIRECT_OBJC_ISA_USAGE = YES_ERROR;
				CLANG_WARN_DOCUMENTATION_COMMENTS = YES;
				CLANG_WARN_EMPTY_BODY = YES;
				CLANG_WARN_ENUM_CONVERSION = YES;
				CLANG_WARN_INFINITE_RECURSION = YES;
				CLANG_WARN_INT_CONVERSION = YES;
				CLANG_WARN_NON_LITERAL_NULL_CONVERSION = YES;
				CLANG_WARN_OBJC_IMPLICIT_RETAIN_SELF = YES;
				CLANG_WARN_OBJC_LITERAL_CONVERSION = YES;
				CLANG_WARN_OBJC_ROOT_CLASS = YES_ERROR;
				CLANG_WARN_QUOTED_INCLUDE_IN_FRAMEWORK_HEADER = YES;
				CLANG_WARN_RANGE_LOOP_ANALYSIS = YES;
				CLANG_WARN_STRICT_PROTOTYPES = YES;
				CLANG_WARN_SUSPICIOUS_MOVE = YES;
				CLANG_WARN_UNGUARDED_AVAILABILITY = YES_AGGRESSIVE;
				CLANG_WARN_UNREACHABLE_CODE = YES;
				CLANG_WARN__DUPLICATE_METHOD_MATCH = YES;
				COPY_PHASE_STRIP = NO;
				DEBUG_INFORMATION_FORMAT = dwarf;
				ENABLE_STRICT_OBJC_MSGSEND = YES;
				ENABLE_TESTABILITY = YES;
				GCC_C_LANGUAGE_STANDARD = gnu11;
				GCC_DYNAMIC_NO_PIC = NO;
				GCC_NO_COMMON_BLOCKS = YES;
				GCC_OPTIMIZATION_LEVEL = 0;
				GCC_PREPROCESSOR_DEFINITIONS = (
					"DEBUG=1",
					"$(inherited)",
				);
				GCC_WARN_64_TO_32_BIT_CONVERSION = YES;
				GCC_WARN_ABOUT_RETURN_TYPE = YES_ERROR;
				GCC_WARN_UNDECLARED_SELECTOR = YES;
				GCC_WARN_UNINITIALIZED_AUTOS = YES_AGGRESSIVE;
				GCC_WARN_UNUSED_FUNCTION = YES;
				GCC_WARN_UNUSED_VARIABLE = YES;
				IPHONEOS_DEPLOYMENT_TARGET = 15.5;
				MTL_ENABLE_DEBUG_INFO = INCLUDE_SOURCE;
				MTL_FAST_MATH = YES;
				ONLY_ACTIVE_ARCH = YES;
				SDKROOT = iphoneos;
				SWIFT_ACTIVE_COMPILATION_CONDITIONS = DEBUG;
				SWIFT_OPTIMIZATION_LEVEL = "-Onone";
			};
			name = Debug;
		};
		C67E6A4228F672C3006FCC8E /* Release */ = {
			isa = XCBuildConfiguration;
			buildSettings = {
				ALWAYS_SEARCH_USER_PATHS = NO;
				CLANG_ANALYZER_NONNULL = YES;
				CLANG_ANALYZER_NUMBER_OBJECT_CONVERSION = YES_AGGRESSIVE;
				CLANG_CXX_LANGUAGE_STANDARD = "gnu++17";
				CLANG_ENABLE_MODULES = YES;
				CLANG_ENABLE_OBJC_ARC = YES;
				CLANG_ENABLE_OBJC_WEAK = YES;
				CLANG_WARN_BLOCK_CAPTURE_AUTORELEASING = YES;
				CLANG_WARN_BOOL_CONVERSION = YES;
				CLANG_WARN_COMMA = YES;
				CLANG_WARN_CONSTANT_CONVERSION = YES;
				CLANG_WARN_DEPRECATED_OBJC_IMPLEMENTATIONS = YES;
				CLANG_WARN_DIRECT_OBJC_ISA_USAGE = YES_ERROR;
				CLANG_WARN_DOCUMENTATION_COMMENTS = YES;
				CLANG_WARN_EMPTY_BODY = YES;
				CLANG_WARN_ENUM_CONVERSION = YES;
				CLANG_WARN_INFINITE_RECURSION = YES;
				CLANG_WARN_INT_CONVERSION = YES;
				CLANG_WARN_NON_LITERAL_NULL_CONVERSION = YES;
				CLANG_WARN_OBJC_IMPLICIT_RETAIN_SELF = YES;
				CLANG_WARN_OBJC_LITERAL_CONVERSION = YES;
				CLANG_WARN_OBJC_ROOT_CLASS = YES_ERROR;
				CLANG_WARN_QUOTED_INCLUDE_IN_FRAMEWORK_HEADER = YES;
				CLANG_WARN_RANGE_LOOP_ANALYSIS = YES;
				CLANG_WARN_STRICT_PROTOTYPES = YES;
				CLANG_WARN_SUSPICIOUS_MOVE = YES;
				CLANG_WARN_UNGUARDED_AVAILABILITY = YES_AGGRESSIVE;
				CLANG_WARN_UNREACHABLE_CODE = YES;
				CLANG_WARN__DUPLICATE_METHOD_MATCH = YES;
				COPY_PHASE_STRIP = NO;
				DEBUG_INFORMATION_FORMAT = "dwarf-with-dsym";
				ENABLE_NS_ASSERTIONS = NO;
				ENABLE_STRICT_OBJC_MSGSEND = YES;
				GCC_C_LANGUAGE_STANDARD = gnu11;
				GCC_NO_COMMON_BLOCKS = YES;
				GCC_WARN_64_TO_32_BIT_CONVERSION = YES;
				GCC_WARN_ABOUT_RETURN_TYPE = YES_ERROR;
				GCC_WARN_UNDECLARED_SELECTOR = YES;
				GCC_WARN_UNINITIALIZED_AUTOS = YES_AGGRESSIVE;
				GCC_WARN_UNUSED_FUNCTION = YES;
				GCC_WARN_UNUSED_VARIABLE = YES;
				IPHONEOS_DEPLOYMENT_TARGET = 15.5;
				MTL_ENABLE_DEBUG_INFO = NO;
				MTL_FAST_MATH = YES;
				SDKROOT = iphoneos;
				SWIFT_COMPILATION_MODE = wholemodule;
				SWIFT_OPTIMIZATION_LEVEL = "-O";
				VALIDATE_PRODUCT = YES;
			};
			name = Release;
		};
		C67E6A4428F672C3006FCC8E /* Debug */ = {
			isa = XCBuildConfiguration;
			buildSettings = {
				ASSETCATALOG_COMPILER_APPICON_NAME = AppIcon;
				ASSETCATALOG_COMPILER_GLOBAL_ACCENT_COLOR_NAME = AccentColor;
				CODE_SIGN_STYLE = Automatic;
				CURRENT_PROJECT_VERSION = 1;
				DEVELOPMENT_TEAM = H3H95D45CM;
				GENERATE_INFOPLIST_FILE = YES;
				INFOPLIST_FILE = PruebaiOS/Application/Info.plist;
				INFOPLIST_KEY_UIApplicationSupportsIndirectInputEvents = YES;
				INFOPLIST_KEY_UILaunchStoryboardName = LaunchScreen;
				INFOPLIST_KEY_UIMainStoryboardFile = Main;
				INFOPLIST_KEY_UISupportedInterfaceOrientations_iPad = "UIInterfaceOrientationPortrait UIInterfaceOrientationPortraitUpsideDown UIInterfaceOrientationLandscapeLeft UIInterfaceOrientationLandscapeRight";
				INFOPLIST_KEY_UISupportedInterfaceOrientations_iPhone = "UIInterfaceOrientationPortrait UIInterfaceOrientationLandscapeLeft UIInterfaceOrientationLandscapeRight";
				LD_RUNPATH_SEARCH_PATHS = (
					"$(inherited)",
					"@executable_path/Frameworks",
				);
				MARKETING_VERSION = 1.0;
				PRODUCT_BUNDLE_IDENTIFIER = cal.com.PruebaiOS;
				PRODUCT_NAME = "$(TARGET_NAME)";
				SWIFT_EMIT_LOC_STRINGS = YES;
				SWIFT_VERSION = 5.0;
				TARGETED_DEVICE_FAMILY = "1,2";
			};
			name = Debug;
		};
		C67E6A4528F672C3006FCC8E /* Release */ = {
			isa = XCBuildConfiguration;
			buildSettings = {
				ASSETCATALOG_COMPILER_APPICON_NAME = AppIcon;
				ASSETCATALOG_COMPILER_GLOBAL_ACCENT_COLOR_NAME = AccentColor;
				CODE_SIGN_STYLE = Automatic;
				CURRENT_PROJECT_VERSION = 1;
				DEVELOPMENT_TEAM = H3H95D45CM;
				GENERATE_INFOPLIST_FILE = YES;
				INFOPLIST_FILE = PruebaiOS/Application/Info.plist;
				INFOPLIST_KEY_UIApplicationSupportsIndirectInputEvents = YES;
				INFOPLIST_KEY_UILaunchStoryboardName = LaunchScreen;
				INFOPLIST_KEY_UIMainStoryboardFile = Main;
				INFOPLIST_KEY_UISupportedInterfaceOrientations_iPad = "UIInterfaceOrientationPortrait UIInterfaceOrientationPortraitUpsideDown UIInterfaceOrientationLandscapeLeft UIInterfaceOrientationLandscapeRight";
				INFOPLIST_KEY_UISupportedInterfaceOrientations_iPhone = "UIInterfaceOrientationPortrait UIInterfaceOrientationLandscapeLeft UIInterfaceOrientationLandscapeRight";
				LD_RUNPATH_SEARCH_PATHS = (
					"$(inherited)",
					"@executable_path/Frameworks",
				);
				MARKETING_VERSION = 1.0;
				PRODUCT_BUNDLE_IDENTIFIER = cal.com.PruebaiOS;
				PRODUCT_NAME = "$(TARGET_NAME)";
				SWIFT_EMIT_LOC_STRINGS = YES;
				SWIFT_VERSION = 5.0;
				TARGETED_DEVICE_FAMILY = "1,2";
			};
			name = Release;
		};
		C67E6A4728F672C3006FCC8E /* Debug */ = {
			isa = XCBuildConfiguration;
			buildSettings = {
				ALWAYS_EMBED_SWIFT_STANDARD_LIBRARIES = YES;
				BUNDLE_LOADER = "$(TEST_HOST)";
				CODE_SIGN_STYLE = Automatic;
				CURRENT_PROJECT_VERSION = 1;
				DEVELOPMENT_TEAM = H3H95D45CM;
				GENERATE_INFOPLIST_FILE = YES;
				IPHONEOS_DEPLOYMENT_TARGET = 15.5;
				MARKETING_VERSION = 1.0;
				PRODUCT_BUNDLE_IDENTIFIER = cal.com.PruebaiOSTests;
				PRODUCT_NAME = "$(TARGET_NAME)";
				SWIFT_EMIT_LOC_STRINGS = NO;
				SWIFT_VERSION = 5.0;
				TARGETED_DEVICE_FAMILY = "1,2";
				TEST_HOST = "$(BUILT_PRODUCTS_DIR)/PruebaiOS.app/PruebaiOS";
			};
			name = Debug;
		};
		C67E6A4828F672C3006FCC8E /* Release */ = {
			isa = XCBuildConfiguration;
			buildSettings = {
				ALWAYS_EMBED_SWIFT_STANDARD_LIBRARIES = YES;
				BUNDLE_LOADER = "$(TEST_HOST)";
				CODE_SIGN_STYLE = Automatic;
				CURRENT_PROJECT_VERSION = 1;
				DEVELOPMENT_TEAM = H3H95D45CM;
				GENERATE_INFOPLIST_FILE = YES;
				IPHONEOS_DEPLOYMENT_TARGET = 15.5;
				MARKETING_VERSION = 1.0;
				PRODUCT_BUNDLE_IDENTIFIER = cal.com.PruebaiOSTests;
				PRODUCT_NAME = "$(TARGET_NAME)";
				SWIFT_EMIT_LOC_STRINGS = NO;
				SWIFT_VERSION = 5.0;
				TARGETED_DEVICE_FAMILY = "1,2";
				TEST_HOST = "$(BUILT_PRODUCTS_DIR)/PruebaiOS.app/PruebaiOS";
			};
			name = Release;
		};
		C67E6A4A28F672C3006FCC8E /* Debug */ = {
			isa = XCBuildConfiguration;
			buildSettings = {
				ALWAYS_EMBED_SWIFT_STANDARD_LIBRARIES = YES;
				CODE_SIGN_STYLE = Automatic;
				CURRENT_PROJECT_VERSION = 1;
				DEVELOPMENT_TEAM = H3H95D45CM;
				GENERATE_INFOPLIST_FILE = YES;
				MARKETING_VERSION = 1.0;
				PRODUCT_BUNDLE_IDENTIFIER = cal.com.PruebaiOSUITests;
				PRODUCT_NAME = "$(TARGET_NAME)";
				SWIFT_EMIT_LOC_STRINGS = NO;
				SWIFT_VERSION = 5.0;
				TARGETED_DEVICE_FAMILY = "1,2";
				TEST_TARGET_NAME = PruebaiOS;
			};
			name = Debug;
		};
		C67E6A4B28F672C3006FCC8E /* Release */ = {
			isa = XCBuildConfiguration;
			buildSettings = {
				ALWAYS_EMBED_SWIFT_STANDARD_LIBRARIES = YES;
				CODE_SIGN_STYLE = Automatic;
				CURRENT_PROJECT_VERSION = 1;
				DEVELOPMENT_TEAM = H3H95D45CM;
				GENERATE_INFOPLIST_FILE = YES;
				MARKETING_VERSION = 1.0;
				PRODUCT_BUNDLE_IDENTIFIER = cal.com.PruebaiOSUITests;
				PRODUCT_NAME = "$(TARGET_NAME)";
				SWIFT_EMIT_LOC_STRINGS = NO;
				SWIFT_VERSION = 5.0;
				TARGETED_DEVICE_FAMILY = "1,2";
				TEST_TARGET_NAME = PruebaiOS;
			};
			name = Release;
		};
/* End XCBuildConfiguration section */

/* Begin XCConfigurationList section */
		C67E6A1428F672C1006FCC8E /* Build configuration list for PBXProject "PruebaiOS" */ = {
			isa = XCConfigurationList;
			buildConfigurations = (
				C67E6A4128F672C3006FCC8E /* Debug */,
				C67E6A4228F672C3006FCC8E /* Release */,
			);
			defaultConfigurationIsVisible = 0;
			defaultConfigurationName = Release;
		};
		C67E6A4328F672C3006FCC8E /* Build configuration list for PBXNativeTarget "PruebaiOS" */ = {
			isa = XCConfigurationList;
			buildConfigurations = (
				C67E6A4428F672C3006FCC8E /* Debug */,
				C67E6A4528F672C3006FCC8E /* Release */,
			);
			defaultConfigurationIsVisible = 0;
			defaultConfigurationName = Release;
		};
		C67E6A4628F672C3006FCC8E /* Build configuration list for PBXNativeTarget "PruebaiOSTests" */ = {
			isa = XCConfigurationList;
			buildConfigurations = (
				C67E6A4728F672C3006FCC8E /* Debug */,
				C67E6A4828F672C3006FCC8E /* Release */,
			);
			defaultConfigurationIsVisible = 0;
			defaultConfigurationName = Release;
		};
		C67E6A4928F672C3006FCC8E /* Build configuration list for PBXNativeTarget "PruebaiOSUITests" */ = {
			isa = XCConfigurationList;
			buildConfigurations = (
				C67E6A4A28F672C3006FCC8E /* Debug */,
				C67E6A4B28F672C3006FCC8E /* Release */,
			);
			defaultConfigurationIsVisible = 0;
			defaultConfigurationName = Release;
		};
/* End XCConfigurationList section */
	};
	rootObject = C67E6A1128F672C1006FCC8E /* Project object */;
}
