{
  "pins" : [
    {
      "identity" : "corenetwork",
      "kind" : "remoteSourceControl",
      "location" : "git@github.com:cristian064/CoreNetwork.git",
      "state" : {
        "branch" : "feature/req001",
        "revision" : "f39f14ba753b21f80880c2c4c6563690ffbb70db"
      }
    },
    {
      "identity" : "genericutilities",
      "kind" : "remoteSourceControl",
      "location" : "git@github.com:cristian064/GenericUtilities.git",
      "state" : {
        "revision" : "92dbb1708db42db02c6a019e5e9839c1fa1ef87d",
        "version" : "1.0.5"
      }
    }
  ],
  "version" : 2
}
